
Microsoft Visual Studio Solution File, Format Version 12.00
# Visual Studio Version 17
VisualStudioVersion = 17.7.34031.279
MinimumVisualStudioVersion = 10.0.40219.1
Project("{FAE04EC0-301F-11D3-BF4B-00C04F79EFBC}") = "Lab-03", "Lab-03\Lab-03.csproj", "{7CC1CF49-983A-4E1D-9CCC-067F96B98B13}"
EndProject
Global
	GlobalSection(SolutionConfigurationPlatforms) = preSolution
		Debug|Any CPU = Debug|Any CPU
		Release|Any CPU = Release|Any CPU
	EndGlobalSection
	GlobalSection(ProjectConfigurationPlatforms) = postSolution
		{7CC1CF49-983A-4E1D-9CCC-067F96B98B13}.Debug|Any CPU.ActiveCfg = Debug|Any CPU
		{7CC1CF49-983A-4E1D-9CCC-067F96B98B13}.Debug|Any CPU.Build.0 = Debug|Any CPU
		{7CC1CF49-983A-4E1D-9CCC-067F96B98B13}.Release|Any CPU.ActiveCfg = Release|Any CPU
		{7CC1CF49-983A-4E1D-9CCC-067F96B98B13}.Release|Any CPU.Build.0 = Release|Any CPU
	EndGlobalSection
	GlobalSection(SolutionProperties) = preSolution
		HideSolutionNode = FALSE
	EndGlobalSection
	GlobalSection(ExtensibilityGlobals) = postSolution
		SolutionGuid = {524065CC-6A2F-420E-8876-5270FDDC181C}
	EndGlobalSection
EndGlobal
